
Microsoft Visual Studio Solution File, Format Version 12.00
Project("{FAE04EC0-301F-11D3-BF4B-00C04F79EFBC}") = "Week1-Assesment", "Week1-Assesment.csproj", "{4BCB48C8-5182-4C90-9973-1FA5A14C2EB5}"
EndProject
Global
	GlobalSection(SolutionConfigurationPlatforms) = preSolution
		Debug|Any CPU = Debug|Any CPU
		Release|Any CPU = Release|Any CPU
	EndGlobalSection
	GlobalSection(ProjectConfigurationPlatforms) = postSolution
		{4BCB48C8-5182-4C90-9973-1FA5A14C2EB5}.Debug|Any CPU.ActiveCfg = Debug|Any CPU
		{4BCB48C8-5182-4C90-9973-1FA5A14C2EB5}.Debug|Any CPU.Build.0 = Debug|Any CPU
		{4BCB48C8-5182-4C90-9973-1FA5A14C2EB5}.Release|Any CPU.ActiveCfg = Release|Any CPU
		{4BCB48C8-5182-4C90-9973-1FA5A14C2EB5}.Release|Any CPU.Build.0 = Release|Any CPU
	EndGlobalSection
EndGlobal
